
Microsoft Visual Studio Solution File, Format Version 12.00
# Visual Studio Version 17
VisualStudioVersion = 17.5.002.0
MinimumVisualStudioVersion = 10.0.40219.1
Project("{9A19103F-16F7-4668-BE54-9A1E7A4F7556}") = "StoreAPI", "StoreAPI.csproj", "{B0C6E38B-4B44-4F1D-996A-A09A76D84F88}"
EndProject
Global
	GlobalSection(SolutionConfigurationPlatforms) = preSolution
		Debug|Any CPU = Debug|Any CPU
		Release|Any CPU = Release|Any CPU
	EndGlobalSection
	GlobalSection(ProjectConfigurationPlatforms) = postSolution
		{B0C6E38B-4B44-4F1D-996A-A09A76D84F88}.Debug|Any CPU.ActiveCfg = Debug|Any CPU
		{B0C6E38B-4B44-4F1D-996A-A09A76D84F88}.Debug|Any CPU.Build.0 = Debug|Any CPU
		{B0C6E38B-4B44-4F1D-996A-A09A76D84F88}.Release|Any CPU.ActiveCfg = Release|Any CPU
		{B0C6E38B-4B44-4F1D-996A-A09A76D84F88}.Release|Any CPU.Build.0 = Release|Any CPU
	EndGlobalSection
	GlobalSection(SolutionProperties) = preSolution
		HideSolutionNode = FALSE
	EndGlobalSection
	GlobalSection(ExtensibilityGlobals) = postSolution
		SolutionGuid = {3D602114-353F-4027-B817-101F04FF3D26}
	EndGlobalSection
EndGlobal
